
Microsoft Visual Studio Solution File, Format Version 12.00
# Visual Studio Version 17
VisualStudioVersion = 17.5.33424.131
MinimumVisualStudioVersion = 10.0.40219.1
Project("{9A19103F-16F7-4668-BE54-9A1E7A4F7556}") = "WebApiTemplate.Web", "WebApiTemplate.Web\WebApiTemplate.Web.csproj", "{47818992-9A5A-4985-85CB-517650D5B357}"
EndProject
Project("{2150E333-8FDC-42A3-9474-1A3956D46DE8}") = "Data", "Data", "{CCEED5AE-10AC-48C4-9B9B-733B3FD00138}"
EndProject
Project("{2150E333-8FDC-42A3-9474-1A3956D46DE8}") = "Services", "Services", "{A2D3327C-B6A9-4042-98A6-EF31A37775F0}"
EndProject
Project("{2150E333-8FDC-42A3-9474-1A3956D46DE8}") = "Web", "Web", "{8025661E-E81A-4103-92B2-D7D33A74632B}"
EndProject
Project("{2150E333-8FDC-42A3-9474-1A3956D46DE8}") = "Tests", "Tests", "{D4909525-F554-4D33-822C-E11238367481}"
EndProject
Project("{9A19103F-16F7-4668-BE54-9A1E7A4F7556}") = "WebApiTemplate.Common", "WebApiTemplate.Common\WebApiTemplate.Common.csproj", "{EB8DB5D7-618E-4206-8F27-851FF432B0CB}"
EndProject
Project("{9A19103F-16F7-4668-BE54-9A1E7A4F7556}") = "WebApiTemplate.Data", "WebApiTemplate.Data\WebApiTemplate.Data.csproj", "{39154650-0448-4527-A963-37B880368A2E}"
EndProject
Project("{9A19103F-16F7-4668-BE54-9A1E7A4F7556}") = "WebApiTemplate.Data.Models", "WebApiTemplate.Data.Models\WebApiTemplate.Data.Models.csproj", "{78C783CF-DEF7-4FF6-96E2-F1A110F2044A}"
EndProject
Project("{9A19103F-16F7-4668-BE54-9A1E7A4F7556}") = "WebApiTemplate.Data.Common", "WebApiTemplate.Data.Common\WebApiTemplate.Data.Common.csproj", "{65163DF2-7413-4AED-9A52-13B89CBBD332}"
EndProject
Project("{9A19103F-16F7-4668-BE54-9A1E7A4F7556}") = "WebApiTemplate.Services.Infrastructure", "WebApiTemplate.Services.Infrastructure\WebApiTemplate.Services.Infrastructure.csproj", "{BB5611F3-D1A3-4390-BE3B-C6B48584FAEB}"
EndProject
Project("{9A19103F-16F7-4668-BE54-9A1E7A4F7556}") = "WebApiTemplate.Web.Common", "WebApiTemplate.Web.Common\WebApiTemplate.Web.Common.csproj", "{DAF0A3C4-7713-48B6-BE61-0A53826D3CAF}"
EndProject
Project("{9A19103F-16F7-4668-BE54-9A1E7A4F7556}") = "WebApiTemplate.Services.Business", "WebApiTemplate.Services.Business\WebApiTemplate.Services.Business.csproj", "{20E1507E-DB3F-4B6A-A006-2E2B468F3728}"
EndProject
Project("{9A19103F-16F7-4668-BE54-9A1E7A4F7556}") = "WebApiTemplate.Services.Data", "WebApiTemplate.Services.Data\WebApiTemplate.Services.Data.csproj", "{B42FB107-C629-4970-BFB9-99AF9067EC64}"
EndProject
Project("{9A19103F-16F7-4668-BE54-9A1E7A4F7556}") = "WebApiTemplate.Services.Models", "WebApiTemplate.Services.Models\WebApiTemplate.Services.Models.csproj", "{DA539CA3-D3D1-4880-A1AB-1C2187E8808D}"
EndProject
Project("{9A19103F-16F7-4668-BE54-9A1E7A4F7556}") = "WebApiTemplate.Web.Models", "WebApiTemplate.Web.Models\WebApiTemplate.Web.Models.csproj", "{DD2E3B32-167E-46D1-BE37-CF33B8156BB9}"
EndProject
Project("{9A19103F-16F7-4668-BE54-9A1E7A4F7556}") = "WebApiTemplate.Web.Infrastructure", "WebApiTemplate.Web.Infrastructure\WebApiTemplate.Web.Infrastructure.csproj", "{B2209125-190A-4884-8660-1AB660C7EC6A}"
EndProject
Project("{FAE04EC0-301F-11D3-BF4B-00C04F79EFBC}") = "WebApiTemplate.Tests", "WebApiTemplate.Tests\WebApiTemplate.Tests.csproj", "{E06A1340-6BEA-430C-BD4C-1D7E87CA9574}"
EndProject
Project("{FAE04EC0-301F-11D3-BF4B-00C04F79EFBC}") = "WebApiTemplate.Tests.Common", "WebApiTemplate.Tests.Common\WebApiTemplate.Tests.Common.csproj", "{42F06BE6-8E7B-48E4-9B1D-5070C15D4C0E}"
EndProject
Global
	GlobalSection(SolutionConfigurationPlatforms) = preSolution
		Debug|Any CPU = Debug|Any CPU
		Release|Any CPU = Release|Any CPU
	EndGlobalSection
	GlobalSection(ProjectConfigurationPlatforms) = postSolution
		{47818992-9A5A-4985-85CB-517650D5B357}.Debug|Any CPU.ActiveCfg = Debug|Any CPU
		{47818992-9A5A-4985-85CB-517650D5B357}.Debug|Any CPU.Build.0 = Debug|Any CPU
		{47818992-9A5A-4985-85CB-517650D5B357}.Release|Any CPU.ActiveCfg = Release|Any CPU
		{47818992-9A5A-4985-85CB-517650D5B357}.Release|Any CPU.Build.0 = Release|Any CPU
		{EB8DB5D7-618E-4206-8F27-851FF432B0CB}.Debug|Any CPU.ActiveCfg = Debug|Any CPU
		{EB8DB5D7-618E-4206-8F27-851FF432B0CB}.Debug|Any CPU.Build.0 = Debug|Any CPU
		{EB8DB5D7-618E-4206-8F27-851FF432B0CB}.Release|Any CPU.ActiveCfg = Release|Any CPU
		{EB8DB5D7-618E-4206-8F27-851FF432B0CB}.Release|Any CPU.Build.0 = Release|Any CPU
		{39154650-0448-4527-A963-37B880368A2E}.Debug|Any CPU.ActiveCfg = Debug|Any CPU
		{39154650-0448-4527-A963-37B880368A2E}.Debug|Any CPU.Build.0 = Debug|Any CPU
		{39154650-0448-4527-A963-37B880368A2E}.Release|Any CPU.ActiveCfg = Release|Any CPU
		{39154650-0448-4527-A963-37B880368A2E}.Release|Any CPU.Build.0 = Release|Any CPU
		{78C783CF-DEF7-4FF6-96E2-F1A110F2044A}.Debug|Any CPU.ActiveCfg = Debug|Any CPU
		{78C783CF-DEF7-4FF6-96E2-F1A110F2044A}.Debug|Any CPU.Build.0 = Debug|Any CPU
		{78C783CF-DEF7-4FF6-96E2-F1A110F2044A}.Release|Any CPU.ActiveCfg = Release|Any CPU
		{78C783CF-DEF7-4FF6-96E2-F1A110F2044A}.Release|Any CPU.Build.0 = Release|Any CPU
		{65163DF2-7413-4AED-9A52-13B89CBBD332}.Debug|Any CPU.ActiveCfg = Debug|Any CPU
		{65163DF2-7413-4AED-9A52-13B89CBBD332}.Debug|Any CPU.Build.0 = Debug|Any CPU
		{65163DF2-7413-4AED-9A52-13B89CBBD332}.Release|Any CPU.ActiveCfg = Release|Any CPU
		{65163DF2-7413-4AED-9A52-13B89CBBD332}.Release|Any CPU.Build.0 = Release|Any CPU
		{BB5611F3-D1A3-4390-BE3B-C6B48584FAEB}.Debug|Any CPU.ActiveCfg = Debug|Any CPU
		{BB5611F3-D1A3-4390-BE3B-C6B48584FAEB}.Debug|Any CPU.Build.0 = Debug|Any CPU
		{BB5611F3-D1A3-4390-BE3B-C6B48584FAEB}.Release|Any CPU.ActiveCfg = Release|Any CPU
		{BB5611F3-D1A3-4390-BE3B-C6B48584FAEB}.Release|Any CPU.Build.0 = Release|Any CPU
		{DAF0A3C4-7713-48B6-BE61-0A53826D3CAF}.Debug|Any CPU.ActiveCfg = Debug|Any CPU
		{DAF0A3C4-7713-48B6-BE61-0A53826D3CAF}.Debug|Any CPU.Build.0 = Debug|Any CPU
		{DAF0A3C4-7713-48B6-BE61-0A53826D3CAF}.Release|Any CPU.ActiveCfg = Release|Any CPU
		{DAF0A3C4-7713-48B6-BE61-0A53826D3CAF}.Release|Any CPU.Build.0 = Release|Any CPU
		{20E1507E-DB3F-4B6A-A006-2E2B468F3728}.Debug|Any CPU.ActiveCfg = Debug|Any CPU
		{20E1507E-DB3F-4B6A-A006-2E2B468F3728}.Debug|Any CPU.Build.0 = Debug|Any CPU
		{20E1507E-DB3F-4B6A-A006-2E2B468F3728}.Release|Any CPU.ActiveCfg = Release|Any CPU
		{20E1507E-DB3F-4B6A-A006-2E2B468F3728}.Release|Any CPU.Build.0 = Release|Any CPU
		{B42FB107-C629-4970-BFB9-99AF9067EC64}.Debug|Any CPU.ActiveCfg = Debug|Any CPU
		{B42FB107-C629-4970-BFB9-99AF9067EC64}.Debug|Any CPU.Build.0 = Debug|Any CPU
		{B42FB107-C629-4970-BFB9-99AF9067EC64}.Release|Any CPU.ActiveCfg = Release|Any CPU
		{B42FB107-C629-4970-BFB9-99AF9067EC64}.Release|Any CPU.Build.0 = Release|Any CPU
		{DA539CA3-D3D1-4880-A1AB-1C2187E8808D}.Debug|Any CPU.ActiveCfg = Debug|Any CPU
		{DA539CA3-D3D1-4880-A1AB-1C2187E8808D}.Debug|Any CPU.Build.0 = Debug|Any CPU
		{DA539CA3-D3D1-4880-A1AB-1C2187E8808D}.Release|Any CPU.ActiveCfg = Release|Any CPU
		{DA539CA3-D3D1-4880-A1AB-1C2187E8808D}.Release|Any CPU.Build.0 = Release|Any CPU
		{DD2E3B32-167E-46D1-BE37-CF33B8156BB9}.Debug|Any CPU.ActiveCfg = Debug|Any CPU
		{DD2E3B32-167E-46D1-BE37-CF33B8156BB9}.Debug|Any CPU.Build.0 = Debug|Any CPU
		{DD2E3B32-167E-46D1-BE37-CF33B8156BB9}.Release|Any CPU.ActiveCfg = Release|Any CPU
		{DD2E3B32-167E-46D1-BE37-CF33B8156BB9}.Release|Any CPU.Build.0 = Release|Any CPU
		{B2209125-190A-4884-8660-1AB660C7EC6A}.Debug|Any CPU.ActiveCfg = Debug|Any CPU
		{B2209125-190A-4884-8660-1AB660C7EC6A}.Debug|Any CPU.Build.0 = Debug|Any CPU
		{B2209125-190A-4884-8660-1AB660C7EC6A}.Release|Any CPU.ActiveCfg = Release|Any CPU
		{B2209125-190A-4884-8660-1AB660C7EC6A}.Release|Any CPU.Build.0 = Release|Any CPU
		{E06A1340-6BEA-430C-BD4C-1D7E87CA9574}.Debug|Any CPU.ActiveCfg = Debug|Any CPU
		{E06A1340-6BEA-430C-BD4C-1D7E87CA9574}.Debug|Any CPU.Build.0 = Debug|Any CPU
		{E06A1340-6BEA-430C-BD4C-1D7E87CA9574}.Release|Any CPU.ActiveCfg = Release|Any CPU
		{E06A1340-6BEA-430C-BD4C-1D7E87CA9574}.Release|Any CPU.Build.0 = Release|Any CPU
		{42F06BE6-8E7B-48E4-9B1D-5070C15D4C0E}.Debug|Any CPU.ActiveCfg = Debug|Any CPU
		{42F06BE6-8E7B-48E4-9B1D-5070C15D4C0E}.Debug|Any CPU.Build.0 = Debug|Any CPU
		{42F06BE6-8E7B-48E4-9B1D-5070C15D4C0E}.Release|Any CPU.ActiveCfg = Release|Any CPU
		{42F06BE6-8E7B-48E4-9B1D-5070C15D4C0E}.Release|Any CPU.Build.0 = Release|Any CPU
	EndGlobalSection
	GlobalSection(SolutionProperties) = preSolution
		HideSolutionNode = FALSE
	EndGlobalSection
	GlobalSection(NestedProjects) = preSolution
		{47818992-9A5A-4985-85CB-517650D5B357} = {8025661E-E81A-4103-92B2-D7D33A74632B}
		{39154650-0448-4527-A963-37B880368A2E} = {CCEED5AE-10AC-48C4-9B9B-733B3FD00138}
		{78C783CF-DEF7-4FF6-96E2-F1A110F2044A} = {CCEED5AE-10AC-48C4-9B9B-733B3FD00138}
		{65163DF2-7413-4AED-9A52-13B89CBBD332} = {CCEED5AE-10AC-48C4-9B9B-733B3FD00138}
		{BB5611F3-D1A3-4390-BE3B-C6B48584FAEB} = {A2D3327C-B6A9-4042-98A6-EF31A37775F0}
		{DAF0A3C4-7713-48B6-BE61-0A53826D3CAF} = {8025661E-E81A-4103-92B2-D7D33A74632B}
		{20E1507E-DB3F-4B6A-A006-2E2B468F3728} = {A2D3327C-B6A9-4042-98A6-EF31A37775F0}
		{B42FB107-C629-4970-BFB9-99AF9067EC64} = {A2D3327C-B6A9-4042-98A6-EF31A37775F0}
		{DA539CA3-D3D1-4880-A1AB-1C2187E8808D} = {A2D3327C-B6A9-4042-98A6-EF31A37775F0}
		{DD2E3B32-167E-46D1-BE37-CF33B8156BB9} = {8025661E-E81A-4103-92B2-D7D33A74632B}
		{B2209125-190A-4884-8660-1AB660C7EC6A} = {8025661E-E81A-4103-92B2-D7D33A74632B}
		{E06A1340-6BEA-430C-BD4C-1D7E87CA9574} = {D4909525-F554-4D33-822C-E11238367481}
		{42F06BE6-8E7B-48E4-9B1D-5070C15D4C0E} = {D4909525-F554-4D33-822C-E11238367481}
	EndGlobalSection
	GlobalSection(ExtensibilityGlobals) = postSolution
		SolutionGuid = {9A38FBF3-7C17-4EF6-9A48-FE35A1AA589B}
	EndGlobalSection
EndGlobal
